
Microsoft Visual Studio Solution File, Format Version 12.00
# Visual Studio Version 17
VisualStudioVersion = 17.11.35312.102
MinimumVisualStudioVersion = 10.0.40219.1
Project("{FAE04EC0-301F-11D3-BF4B-00C04F79EFBC}") = "SysTienda2", "SysTienda2\SysTienda2.csproj", "{35CC9A09-2724-4CB8-AACC-3E006DD54E1D}"
EndProject
Global
	GlobalSection(SolutionConfigurationPlatforms) = preSolution
		Debug|Any CPU = Debug|Any CPU
		Release|Any CPU = Release|Any CPU
	EndGlobalSection
	GlobalSection(ProjectConfigurationPlatforms) = postSolution
		{35CC9A09-2724-4CB8-AACC-3E006DD54E1D}.Debug|Any CPU.ActiveCfg = Debug|Any CPU
		{35CC9A09-2724-4CB8-AACC-3E006DD54E1D}.Debug|Any CPU.Build.0 = Debug|Any CPU
		{35CC9A09-2724-4CB8-AACC-3E006DD54E1D}.Release|Any CPU.ActiveCfg = Release|Any CPU
		{35CC9A09-2724-4CB8-AACC-3E006DD54E1D}.Release|Any CPU.Build.0 = Release|Any CPU
	EndGlobalSection
	GlobalSection(SolutionProperties) = preSolution
		HideSolutionNode = FALSE
	EndGlobalSection
	GlobalSection(ExtensibilityGlobals) = postSolution
		SolutionGuid = {DF5CD94E-34D3-4B3E-BE63-2A2591E88D28}
	EndGlobalSection
EndGlobal
